
Microsoft Visual Studio Solution File, Format Version 12.00
# Visual Studio Version 16
VisualStudioVersion = 16.0.29709.97
MinimumVisualStudioVersion = 10.0.40219.1
Project("{FAE04EC0-301F-11D3-BF4B-00C04F79EFBC}") = "Kotitehtävä1", "Kotitehtävä1\Kotitehtävä1.csproj", "{BA85A4CA-EC43-4BAC-B347-10F6CBA8443A}"
EndProject
Global
	GlobalSection(SolutionConfigurationPlatforms) = preSolution
		Debug|Any CPU = Debug|Any CPU
		Release|Any CPU = Release|Any CPU
	EndGlobalSection
	GlobalSection(ProjectConfigurationPlatforms) = postSolution
		{BA85A4CA-EC43-4BAC-B347-10F6CBA8443A}.Debug|Any CPU.ActiveCfg = Debug|Any CPU
		{BA85A4CA-EC43-4BAC-B347-10F6CBA8443A}.Debug|Any CPU.Build.0 = Debug|Any CPU
		{BA85A4CA-EC43-4BAC-B347-10F6CBA8443A}.Release|Any CPU.ActiveCfg = Release|Any CPU
		{BA85A4CA-EC43-4BAC-B347-10F6CBA8443A}.Release|Any CPU.Build.0 = Release|Any CPU
	EndGlobalSection
	GlobalSection(SolutionProperties) = preSolution
		HideSolutionNode = FALSE
	EndGlobalSection
	GlobalSection(ExtensibilityGlobals) = postSolution
		SolutionGuid = {03EFD0F1-5FC9-4DE8-9B38-2D14FF78AA67}
	EndGlobalSection
EndGlobal
